{
    "_readme": [
        "This file locks the dependencies of your project to a known state",
        "Read more about it at https://getcomposer.org/doc/01-basic-usage.md#composer-lock-the-lock-file",
        "This file is @generated automatically"
    ],
    "hash": "3a98fe7549f3db6b925841249191a418",
    "content-hash": "2e3bb88fc2ea26d334ab6fbe0814d8a7",
    "packages": [
        {
            "name": "twig/twig",
            "version": "v1.22.3",
            "source": {
                "type": "git",
                "url": "https://github.com/twigphp/Twig.git",
                "reference": "ebfc36b7e77b0c1175afe30459cf943010245540"
            },
            "dist": {
                "type": "zip",
                "url": "https://api.github.com/repos/twigphp/Twig/zipball/ebfc36b7e77b0c1175afe30459cf943010245540",
                "reference": "ebfc36b7e77b0c1175afe30459cf943010245540",
                "shasum": ""
            },
            "require": {
                "php": ">=5.2.7"
            },
            "require-dev": {
                "symfony/debug": "~2.7",
                "symfony/phpunit-bridge": "~2.7"
            },
            "type": "library",
            "extra": {
                "branch-alias": {
                    "dev-master": "1.22-dev"
                }
            },
            "autoload": {
                "psr-0": {
                    "Twig_": "lib/"
                }
            },
            "notification-url": "https://packagist.org/downloads/",
            "license": [
                "BSD-3-Clause"
            ],
            "authors": [
                {
                    "name": "Fabien Potencier",
                    "email": "fabien@symfony.com",
                    "homepage": "http://fabien.potencier.org",
                    "role": "Lead Developer"
                },
                {
                    "name": "Armin Ronacher",
                    "email": "armin.ronacher@active-4.com",
                    "role": "Project Founder"
                },
                {
                    "name": "Twig Team",
                    "homepage": "http://twig.sensiolabs.org/contributors",
                    "role": "Contributors"
                }
            ],
            "description": "Twig, the flexible, fast, and secure template language for PHP",
            "homepage": "http://twig.sensiolabs.org",
            "keywords": [
                "templating"
            ],
            "time": "2015-10-13 07:07:02"
        }
    ],
    "packages-dev": [
        {
            "name": "pyrech/composer-changelogs",
            "version": "v1.2.0",
            "source": {
                "type": "git",
                "url": "https://github.com/pyrech/composer-changelogs.git",
                "reference": "b686b4ad1ea4512b6eef38b7985841fda54f5e03"
            },
            "dist": {
                "type": "zip",
                "url": "https://api.github.com/repos/pyrech/composer-changelogs/zipball/b686b4ad1ea4512b6eef38b7985841fda54f5e03",
                "reference": "b686b4ad1ea4512b6eef38b7985841fda54f5e03",
                "shasum": ""
            },
            "require": {
                "composer-plugin-api": "^1.0",
                "php": ">=5.4.0"
            },
            "require-dev": {
                "composer/composer": "~1.0.0-alpha10@dev",
                "fabpot/php-cs-fixer": "~1.5",
                "phpunit/phpunit": "^4.8"
            },
            "type": "composer-plugin",
            "extra": {
                "class": "Pyrech\\ComposerChangelogs\\ChangelogsPlugin",
                "branch-alias": {
                    "dev-master": "1.2.x-dev"
                }
            },
            "autoload": {
                "psr-4": {
                    "Pyrech\\ComposerChangelogs\\": "src/"
                }
            },
            "notification-url": "https://packagist.org/downloads/",
            "license": [
                "MIT"
            ],
            "authors": [
                {
                    "name": "Loïck Piera",
                    "email": "pyrech@gmail.com"
                }
            ],
            "description": "Display changelogs after each composer update",
            "keywords": [
                "changelog",
                "composer",
                "plugin",
                "update"
            ],
            "time": "2015-10-22 18:47:01"
        }
    ],
    "aliases": [],
    "minimum-stability": "stable",
    "stability-flags": [],
    "prefer-stable": false,
    "prefer-lowest": false,
    "platform": [],
    "platform-dev": []
}
